
Microsoft Visual Studio Solution File, Format Version 12.00
# Visual Studio Version 16
VisualStudioVersion = 16.0.28803.202
MinimumVisualStudioVersion = 10.0.40219.1
Project("{FAE04EC0-301F-11D3-BF4B-00C04F79EFBC}") = "Calculate", "Calculate\Calculate.csproj", "{2CF367CF-17AB-4FE8-863F-7DB044C9787B}"
EndProject
Global
	GlobalSection(SolutionConfigurationPlatforms) = preSolution
		Debug|Any CPU = Debug|Any CPU
		Release|Any CPU = Release|Any CPU
	EndGlobalSection
	GlobalSection(ProjectConfigurationPlatforms) = postSolution
		{2CF367CF-17AB-4FE8-863F-7DB044C9787B}.Debug|Any CPU.ActiveCfg = Debug|Any CPU
		{2CF367CF-17AB-4FE8-863F-7DB044C9787B}.Debug|Any CPU.Build.0 = Debug|Any CPU
		{2CF367CF-17AB-4FE8-863F-7DB044C9787B}.Release|Any CPU.ActiveCfg = Release|Any CPU
		{2CF367CF-17AB-4FE8-863F-7DB044C9787B}.Release|Any CPU.Build.0 = Release|Any CPU
	EndGlobalSection
	GlobalSection(SolutionProperties) = preSolution
		HideSolutionNode = FALSE
	EndGlobalSection
	GlobalSection(ExtensibilityGlobals) = postSolution
		SolutionGuid = {EC032BA7-52DF-43EC-82A0-3F8D5C04E220}
	EndGlobalSection
EndGlobal
